// !$*UTF8*$!
{
	archiveVersion = 1;
	classes = {
	};
	objectVersion = 56;
	objects = {

/* Begin PBXBuildFile section */
		DF02CABD2C781D6400657AE1 /* CafeView.swift in Sources */ = {isa = PBXBuildFile; fileRef = DF02CABC2C781D6400657AE1 /* CafeView.swift */; };
		DF02CABF2C781D7100657AE1 /* ProfileView.swift in Sources */ = {isa = PBXBuildFile; fileRef = DF02CABE2C781D7100657AE1 /* ProfileView.swift */; };
		DF02CAC12C785D8100657AE1 /* Emoji_Logo.png in Resources */ = {isa = PBXBuildFile; fileRef = DF02CAC02C785D8100657AE1 /* Emoji_Logo.png */; };
		DF02CAC62C78D64900657AE1 /* BulletinBoardView.swift in Sources */ = {isa = PBXBuildFile; fileRef = DF02CAC52C78D64900657AE1 /* BulletinBoardView.swift */; };
		DF2399962CA3A7BB0076B75A /* FirebaseAnalytics in Frameworks */ = {isa = PBXBuildFile; productRef = DF2399952CA3A7BB0076B75A /* FirebaseAnalytics */; };
		DF2399982CA3A7BB0076B75A /* FirebaseAuth in Frameworks */ = {isa = PBXBuildFile; productRef = DF2399972CA3A7BB0076B75A /* FirebaseAuth */; };
		DF23999A2CA3A7BB0076B75A /* FirebaseDatabase in Frameworks */ = {isa = PBXBuildFile; productRef = DF2399992CA3A7BB0076B75A /* FirebaseDatabase */; };
		DF23999C2CA3A7BB0076B75A /* FirebaseFirestore in Frameworks */ = {isa = PBXBuildFile; productRef = DF23999B2CA3A7BB0076B75A /* FirebaseFirestore */; };
		DF23999E2CA3A7BB0076B75A /* FirebaseMessaging in Frameworks */ = {isa = PBXBuildFile; productRef = DF23999D2CA3A7BB0076B75A /* FirebaseMessaging */; };
		DF2399A02CA3A7BB0076B75A /* FirebaseStorage in Frameworks */ = {isa = PBXBuildFile; productRef = DF23999F2CA3A7BB0076B75A /* FirebaseStorage */; };
		DF2DB4C82C7398E300A89C1E /* api.swift in Sources */ = {isa = PBXBuildFile; fileRef = DF2DB4C62C7398E300A89C1E /* api.swift */; };
		DF37BB372C633C2A00B8F976 /* ScheduleView.swift in Sources */ = {isa = PBXBuildFile; fileRef = DF37BB362C633C2A00B8F976 /* ScheduleView.swift */; };
		DF37BB392C633D8D00B8F976 /* TextView.swift in Sources */ = {isa = PBXBuildFile; fileRef = DF37BB382C633D8D00B8F976 /* TextView.swift */; };
		DF3907ED2C649E1700E17C40 /* iPhonePointRes.swift in Sources */ = {isa = PBXBuildFile; fileRef = DF3907EC2C649E1700E17C40 /* iPhonePointRes.swift */; };
		DF3CB33B2C96FBE100E75744 /* UIKitTextEditor.swift in Sources */ = {isa = PBXBuildFile; fileRef = DF3CB33A2C96FBE100E75744 /* UIKitTextEditor.swift */; };
		DF6632782C309B87001B3D26 /* StarBridgeApp.swift in Sources */ = {isa = PBXBuildFile; fileRef = DF6632772C309B87001B3D26 /* StarBridgeApp.swift */; };
		DF66327A2C309B87001B3D26 /* ContentView.swift in Sources */ = {isa = PBXBuildFile; fileRef = DF6632792C309B87001B3D26 /* ContentView.swift */; };
		DF66327C2C309B88001B3D26 /* Assets.xcassets in Resources */ = {isa = PBXBuildFile; fileRef = DF66327B2C309B88001B3D26 /* Assets.xcassets */; };
		DF6BB72D2C9148EB00B8AC7C /* AppIcon.jpg in Resources */ = {isa = PBXBuildFile; fileRef = DF6BB72C2C9148EB00B8AC7C /* AppIcon.jpg */; };
		DF6C08392C743A30005CC35E /* Global.swift in Sources */ = {isa = PBXBuildFile; fileRef = DF6C08382C743A30005CC35E /* Global.swift */; };
		DF7CC1382C6F18BE00531736 /* KakaoAuthVM.swift in Sources */ = {isa = PBXBuildFile; fileRef = DF7CC1322C6F18BE00531736 /* KakaoAuthVM.swift */; };
		DF7CC1392C6F18BE00531736 /* LoginView.swift in Sources */ = {isa = PBXBuildFile; fileRef = DF7CC1332C6F18BE00531736 /* LoginView.swift */; };
		DF7CC13A2C6F18BE00531736 /* MyAppDelegate.swift in Sources */ = {isa = PBXBuildFile; fileRef = DF7CC1342C6F18BE00531736 /* MyAppDelegate.swift */; };
		DF7CC13B2C6F18BE00531736 /* MySceneDelegate.swift in Sources */ = {isa = PBXBuildFile; fileRef = DF7CC1352C6F18BE00531736 /* MySceneDelegate.swift */; };
		DF7CC13E2C6F18FE00531736 /* KakaoSDK in Frameworks */ = {isa = PBXBuildFile; productRef = DF7CC13D2C6F18FE00531736 /* KakaoSDK */; };
		DF7CC1402C6F18FE00531736 /* KakaoSDKAuth in Frameworks */ = {isa = PBXBuildFile; productRef = DF7CC13F2C6F18FE00531736 /* KakaoSDKAuth */; };
		DF7CC1422C6F18FE00531736 /* KakaoSDKCert in Frameworks */ = {isa = PBXBuildFile; productRef = DF7CC1412C6F18FE00531736 /* KakaoSDKCert */; };
		DF7CC1442C6F18FE00531736 /* KakaoSDKCertCore in Frameworks */ = {isa = PBXBuildFile; productRef = DF7CC1432C6F18FE00531736 /* KakaoSDKCertCore */; };
		DF7CC1462C6F18FE00531736 /* KakaoSDKCommon in Frameworks */ = {isa = PBXBuildFile; productRef = DF7CC1452C6F18FE00531736 /* KakaoSDKCommon */; };
		DF7CC1482C6F18FE00531736 /* KakaoSDKFriend in Frameworks */ = {isa = PBXBuildFile; productRef = DF7CC1472C6F18FE00531736 /* KakaoSDKFriend */; };
		DF7CC14A2C6F18FE00531736 /* KakaoSDKFriendCore in Frameworks */ = {isa = PBXBuildFile; productRef = DF7CC1492C6F18FE00531736 /* KakaoSDKFriendCore */; };
		DF7CC14C2C6F18FE00531736 /* KakaoSDKNavi in Frameworks */ = {isa = PBXBuildFile; productRef = DF7CC14B2C6F18FE00531736 /* KakaoSDKNavi */; };
		DF7CC14E2C6F18FE00531736 /* KakaoSDKShare in Frameworks */ = {isa = PBXBuildFile; productRef = DF7CC14D2C6F18FE00531736 /* KakaoSDKShare */; };
		DF7CC1502C6F18FE00531736 /* KakaoSDKTalk in Frameworks */ = {isa = PBXBuildFile; productRef = DF7CC14F2C6F18FE00531736 /* KakaoSDKTalk */; };
		DF7CC1522C6F18FE00531736 /* KakaoSDKTemplate in Frameworks */ = {isa = PBXBuildFile; productRef = DF7CC1512C6F18FE00531736 /* KakaoSDKTemplate */; };
		DF7CC1542C6F18FE00531736 /* KakaoSDKUser in Frameworks */ = {isa = PBXBuildFile; productRef = DF7CC1532C6F18FE00531736 /* KakaoSDKUser */; };
		DF7D99722CA0567E00482D25 /* Preview Assets.xcassets in Resources */ = {isa = PBXBuildFile; fileRef = DF7D99702CA0567E00482D25 /* Preview Assets.xcassets */; };
		DF8FA0282CAA3969009E1C9A /* log.json in Resources */ = {isa = PBXBuildFile; fileRef = DF8FA0272CAA3969009E1C9A /* log.json */; };
		DF97626B2C6595F900FD8577 /* README.md in Resources */ = {isa = PBXBuildFile; fileRef = DF97626A2C6595F900FD8577 /* README.md */; };
		DFA32EE92C928CA4009AC7EC /* SocialLoginButtonVIew.swift in Sources */ = {isa = PBXBuildFile; fileRef = DFA32EE82C928CA4009AC7EC /* SocialLoginButtonVIew.swift */; };
		DFA32EEB2C928D14009AC7EC /* StarBridgeLogo2.png in Resources */ = {isa = PBXBuildFile; fileRef = DFA32EEA2C928D14009AC7EC /* StarBridgeLogo2.png */; };
		DFC835BA2C6FB445006A438B /* StarBridge_Logo.png in Resources */ = {isa = PBXBuildFile; fileRef = DFC835B82C6FB445006A438B /* StarBridge_Logo.png */; };
		DFCD7A112C876DD000AE0BD7 /* FirebaseFirestoreSwift.swift in Sources */ = {isa = PBXBuildFile; fileRef = DFCD7A102C876DD000AE0BD7 /* FirebaseFirestoreSwift.swift */; };
		DFCD7A132C876DE100AE0BD7 /* MyFirestore.swift in Sources */ = {isa = PBXBuildFile; fileRef = DFCD7A122C876DE100AE0BD7 /* MyFirestore.swift */; };
		DFCD7A152C876E0100AE0BD7 /* UserInfo.swift in Sources */ = {isa = PBXBuildFile; fileRef = DFCD7A142C876E0100AE0BD7 /* UserInfo.swift */; };
		DFCD7A172C876E7E00AE0BD7 /* HomeView.swift in Sources */ = {isa = PBXBuildFile; fileRef = DFCD7A162C876E7E00AE0BD7 /* HomeView.swift */; };
		DFCD7A192C876E9400AE0BD7 /* ProfileSetupView.swift in Sources */ = {isa = PBXBuildFile; fileRef = DFCD7A182C876E9400AE0BD7 /* ProfileSetupView.swift */; };
		DFD0F8352C8D9C7E007F5666 /* google_logo.png in Resources */ = {isa = PBXBuildFile; fileRef = DFD0F8342C8D9C7E007F5666 /* google_logo.png */; };
		DFD0F8372C8D9D38007F5666 /* kakao_logo.png in Resources */ = {isa = PBXBuildFile; fileRef = DFD0F8362C8D9D38007F5666 /* kakao_logo.png */; };
		DFD496CF2CA3CC8200986805 /* GoogleService-Info.plist in Resources */ = {isa = PBXBuildFile; fileRef = DFD496CE2CA3CC8200986805 /* GoogleService-Info.plist */; };
/* End PBXBuildFile section */

/* Begin PBXFileReference section */
		DF02CABC2C781D6400657AE1 /* CafeView.swift */ = {isa = PBXFileReference; lastKnownFileType = sourcecode.swift; path = CafeView.swift; sourceTree = "<group>"; };
		DF02CABE2C781D7100657AE1 /* ProfileView.swift */ = {isa = PBXFileReference; lastKnownFileType = sourcecode.swift; path = ProfileView.swift; sourceTree = "<group>"; };
		DF02CAC02C785D8100657AE1 /* Emoji_Logo.png */ = {isa = PBXFileReference; lastKnownFileType = image.png; path = Emoji_Logo.png; sourceTree = "<group>"; };
		DF02CAC52C78D64900657AE1 /* BulletinBoardView.swift */ = {isa = PBXFileReference; lastKnownFileType = sourcecode.swift; path = BulletinBoardView.swift; sourceTree = "<group>"; };
		DF2DB4C62C7398E300A89C1E /* api.swift */ = {isa = PBXFileReference; fileEncoding = 4; lastKnownFileType = sourcecode.swift; path = api.swift; sourceTree = "<group>"; };
		DF37BB362C633C2A00B8F976 /* ScheduleView.swift */ = {isa = PBXFileReference; lastKnownFileType = sourcecode.swift; path = ScheduleView.swift; sourceTree = "<group>"; };
		DF37BB382C633D8D00B8F976 /* TextView.swift */ = {isa = PBXFileReference; lastKnownFileType = sourcecode.swift; path = TextView.swift; sourceTree = "<group>"; };
		DF3907EC2C649E1700E17C40 /* iPhonePointRes.swift */ = {isa = PBXFileReference; lastKnownFileType = sourcecode.swift; path = iPhonePointRes.swift; sourceTree = "<group>"; };
		DF3907EE2C65199C00E17C40 /* ArtistView.swift */ = {isa = PBXFileReference; lastKnownFileType = sourcecode.swift; path = ArtistView.swift; sourceTree = "<group>"; };
		DF3CB33A2C96FBE100E75744 /* UIKitTextEditor.swift */ = {isa = PBXFileReference; lastKnownFileType = sourcecode.swift; path = UIKitTextEditor.swift; sourceTree = "<group>"; };
		DF6632742C309B87001B3D26 /* StarBridge.app */ = {isa = PBXFileReference; explicitFileType = wrapper.application; includeInIndex = 0; path = StarBridge.app; sourceTree = BUILT_PRODUCTS_DIR; };
		DF6632772C309B87001B3D26 /* StarBridgeApp.swift */ = {isa = PBXFileReference; lastKnownFileType = sourcecode.swift; path = StarBridgeApp.swift; sourceTree = "<group>"; };
		DF6632792C309B87001B3D26 /* ContentView.swift */ = {isa = PBXFileReference; lastKnownFileType = sourcecode.swift; path = ContentView.swift; sourceTree = "<group>"; };
		DF66327B2C309B88001B3D26 /* Assets.xcassets */ = {isa = PBXFileReference; lastKnownFileType = folder.assetcatalog; path = Assets.xcassets; sourceTree = "<group>"; };
		DF6BB72C2C9148EB00B8AC7C /* AppIcon.jpg */ = {isa = PBXFileReference; lastKnownFileType = image.jpeg; path = AppIcon.jpg; sourceTree = "<group>"; };
		DF6C08382C743A30005CC35E /* Global.swift */ = {isa = PBXFileReference; lastKnownFileType = sourcecode.swift; path = Global.swift; sourceTree = "<group>"; };
		DF7B473F2C6D164A000F1B0D /* Info.plist */ = {isa = PBXFileReference; lastKnownFileType = text.plist; path = Info.plist; sourceTree = "<group>"; };
		DF7CC1312C6F18BE00531736 /* Config.xcconfig */ = {isa = PBXFileReference; fileEncoding = 4; lastKnownFileType = text.xcconfig; path = Config.xcconfig; sourceTree = "<group>"; };
		DF7CC1322C6F18BE00531736 /* KakaoAuthVM.swift */ = {isa = PBXFileReference; fileEncoding = 4; lastKnownFileType = sourcecode.swift; path = KakaoAuthVM.swift; sourceTree = "<group>"; };
		DF7CC1332C6F18BE00531736 /* LoginView.swift */ = {isa = PBXFileReference; fileEncoding = 4; lastKnownFileType = sourcecode.swift; path = LoginView.swift; sourceTree = "<group>"; };
		DF7CC1342C6F18BE00531736 /* MyAppDelegate.swift */ = {isa = PBXFileReference; fileEncoding = 4; lastKnownFileType = sourcecode.swift; path = MyAppDelegate.swift; sourceTree = "<group>"; };
		DF7CC1352C6F18BE00531736 /* MySceneDelegate.swift */ = {isa = PBXFileReference; fileEncoding = 4; lastKnownFileType = sourcecode.swift; path = MySceneDelegate.swift; sourceTree = "<group>"; };
		DF7D99702CA0567E00482D25 /* Preview Assets.xcassets */ = {isa = PBXFileReference; lastKnownFileType = folder.assetcatalog; path = "Preview Assets.xcassets"; sourceTree = "<group>"; };
		DF8FA0272CAA3969009E1C9A /* log.json */ = {isa = PBXFileReference; lastKnownFileType = text.json; path = log.json; sourceTree = "<group>"; };
		DF97626A2C6595F900FD8577 /* README.md */ = {isa = PBXFileReference; fileEncoding = 4; lastKnownFileType = net.daringfireball.markdown; path = README.md; sourceTree = SOURCE_ROOT; };
		DFA32EE82C928CA4009AC7EC /* SocialLoginButtonVIew.swift */ = {isa = PBXFileReference; lastKnownFileType = sourcecode.swift; path = SocialLoginButtonVIew.swift; sourceTree = "<group>"; };
		DFA32EEA2C928D14009AC7EC /* StarBridgeLogo2.png */ = {isa = PBXFileReference; lastKnownFileType = image.png; path = StarBridgeLogo2.png; sourceTree = "<group>"; };
		DFC835B82C6FB445006A438B /* StarBridge_Logo.png */ = {isa = PBXFileReference; lastKnownFileType = image.png; path = StarBridge_Logo.png; sourceTree = "<group>"; };
		DFCD7A102C876DD000AE0BD7 /* FirebaseFirestoreSwift.swift */ = {isa = PBXFileReference; lastKnownFileType = sourcecode.swift; path = FirebaseFirestoreSwift.swift; sourceTree = "<group>"; };
		DFCD7A122C876DE100AE0BD7 /* MyFirestore.swift */ = {isa = PBXFileReference; lastKnownFileType = sourcecode.swift; path = MyFirestore.swift; sourceTree = "<group>"; };
		DFCD7A142C876E0100AE0BD7 /* UserInfo.swift */ = {isa = PBXFileReference; lastKnownFileType = sourcecode.swift; path = UserInfo.swift; sourceTree = "<group>"; };
		DFCD7A162C876E7E00AE0BD7 /* HomeView.swift */ = {isa = PBXFileReference; lastKnownFileType = sourcecode.swift; path = HomeView.swift; sourceTree = "<group>"; };
		DFCD7A182C876E9400AE0BD7 /* ProfileSetupView.swift */ = {isa = PBXFileReference; lastKnownFileType = sourcecode.swift; path = ProfileSetupView.swift; sourceTree = "<group>"; };
		DFD0F8342C8D9C7E007F5666 /* google_logo.png */ = {isa = PBXFileReference; lastKnownFileType = image.png; path = google_logo.png; sourceTree = "<group>"; };
		DFD0F8362C8D9D38007F5666 /* kakao_logo.png */ = {isa = PBXFileReference; lastKnownFileType = image.png; path = kakao_logo.png; sourceTree = "<group>"; };
		DFD496CE2CA3CC8200986805 /* GoogleService-Info.plist */ = {isa = PBXFileReference; fileEncoding = 4; lastKnownFileType = text.plist.xml; path = "GoogleService-Info.plist"; sourceTree = "<group>"; };
		DFEBECAA2C9177B300642D75 /* StarBridge.entitlements */ = {isa = PBXFileReference; lastKnownFileType = text.plist.entitlements; path = StarBridge.entitlements; sourceTree = "<group>"; };
/* End PBXFileReference section */

/* Begin PBXFrameworksBuildPhase section */
		DF6632712C309B87001B3D26 /* Frameworks */ = {
			isa = PBXFrameworksBuildPhase;
			buildActionMask = 2147483647;
			files = (
				DF23999A2CA3A7BB0076B75A /* FirebaseDatabase in Frameworks */,
				DF7CC14A2C6F18FE00531736 /* KakaoSDKFriendCore in Frameworks */,
				DF7CC1442C6F18FE00531736 /* KakaoSDKCertCore in Frameworks */,
				DF7CC1422C6F18FE00531736 /* KakaoSDKCert in Frameworks */,
				DF7CC1522C6F18FE00531736 /* KakaoSDKTemplate in Frameworks */,
				DF23999C2CA3A7BB0076B75A /* FirebaseFirestore in Frameworks */,
				DF2399962CA3A7BB0076B75A /* FirebaseAnalytics in Frameworks */,
				DF2399982CA3A7BB0076B75A /* FirebaseAuth in Frameworks */,
				DF7CC14C2C6F18FE00531736 /* KakaoSDKNavi in Frameworks */,
				DF23999E2CA3A7BB0076B75A /* FirebaseMessaging in Frameworks */,
				DF7CC13E2C6F18FE00531736 /* KakaoSDK in Frameworks */,
				DF2399A02CA3A7BB0076B75A /* FirebaseStorage in Frameworks */,
				DF7CC1462C6F18FE00531736 /* KakaoSDKCommon in Frameworks */,
				DF7CC1402C6F18FE00531736 /* KakaoSDKAuth in Frameworks */,
				DF7CC1542C6F18FE00531736 /* KakaoSDKUser in Frameworks */,
				DF7CC1502C6F18FE00531736 /* KakaoSDKTalk in Frameworks */,
				DF7CC1482C6F18FE00531736 /* KakaoSDKFriend in Frameworks */,
				DF7CC14E2C6F18FE00531736 /* KakaoSDKShare in Frameworks */,
			);
			runOnlyForDeploymentPostprocessing = 0;
		};
/* End PBXFrameworksBuildPhase section */

/* Begin PBXGroup section */
		DF02CAC72C7A231600657AE1 /* ContentView */ = {
			isa = PBXGroup;
			children = (
				DF3907EE2C65199C00E17C40 /* ArtistView.swift */,
				DF02CAC52C78D64900657AE1 /* BulletinBoardView.swift */,
				DF02CABC2C781D6400657AE1 /* CafeView.swift */,
				DF02CABE2C781D7100657AE1 /* ProfileView.swift */,
				DF37BB362C633C2A00B8F976 /* ScheduleView.swift */,
			);
			path = ContentView;
			sourceTree = "<group>";
		};
		DF66326B2C309B87001B3D26 = {
			isa = PBXGroup;
			children = (
				DF6632752C309B87001B3D26 /* Products */,
				DF97626A2C6595F900FD8577 /* README.md */,
				DF8FA0272CAA3969009E1C9A /* log.json */,
				DF6632762C309B87001B3D26 /* StarBridge */,
			);
			sourceTree = "<group>";
		};
		DF6632752C309B87001B3D26 /* Products */ = {
			isa = PBXGroup;
			children = (
				DF6632742C309B87001B3D26 /* StarBridge.app */,
			);
			name = Products;
			sourceTree = "<group>";
		};
		DF6632762C309B87001B3D26 /* StarBridge */ = {
			isa = PBXGroup;
			children = (
				DFEBECAA2C9177B300642D75 /* StarBridge.entitlements */,
				DFC835B92C6FB445006A438B /* images */,
				DF7CC1362C6F18BE00531736 /* SocialLogin */,
				DF02CAC72C7A231600657AE1 /* ContentView */,
				DF7B473F2C6D164A000F1B0D /* Info.plist */,
				DF7CC1312C6F18BE00531736 /* Config.xcconfig */,
				DF6632772C309B87001B3D26 /* StarBridgeApp.swift */,
				DFD496CE2CA3CC8200986805 /* GoogleService-Info.plist */,
				DF6632792C309B87001B3D26 /* ContentView.swift */,
				DF66327B2C309B88001B3D26 /* Assets.xcassets */,
				DF37BB382C633D8D00B8F976 /* TextView.swift */,
				DF3907EC2C649E1700E17C40 /* iPhonePointRes.swift */,
				DF2DB4C62C7398E300A89C1E /* api.swift */,
				DF6C08382C743A30005CC35E /* Global.swift */,
				DF3CB33A2C96FBE100E75744 /* UIKitTextEditor.swift */,
				DF7D99712CA0567E00482D25 /* Preview Content */,
			);
			path = StarBridge;
			sourceTree = "<group>";
		};
		DF7CC1362C6F18BE00531736 /* SocialLogin */ = {
			isa = PBXGroup;
			children = (
				DFCD7A0F2C876DB300AE0BD7 /* Delegate */,
				DFCD7A0E2C876DAA00AE0BD7 /* View */,
				DFCD7A0D2C876D9500AE0BD7 /* Model */,
			);
			path = SocialLogin;
			sourceTree = "<group>";
		};
		DF7D99712CA0567E00482D25 /* Preview Content */ = {
			isa = PBXGroup;
			children = (
				DF7D99702CA0567E00482D25 /* Preview Assets.xcassets */,
			);
			path = "Preview Content";
			sourceTree = "<group>";
		};
		DFC835B92C6FB445006A438B /* images */ = {
			isa = PBXGroup;
			children = (
				DF6BB72C2C9148EB00B8AC7C /* AppIcon.jpg */,
				DFD0F8342C8D9C7E007F5666 /* google_logo.png */,
				DFD0F8362C8D9D38007F5666 /* kakao_logo.png */,
				DFA32EEA2C928D14009AC7EC /* StarBridgeLogo2.png */,
				DF02CAC02C785D8100657AE1 /* Emoji_Logo.png */,
				DFC835B82C6FB445006A438B /* StarBridge_Logo.png */,
			);
			path = images;
			sourceTree = "<group>";
		};
		DFCD7A0D2C876D9500AE0BD7 /* Model */ = {
			isa = PBXGroup;
			children = (
				DF7CC1322C6F18BE00531736 /* KakaoAuthVM.swift */,
				DFCD7A142C876E0100AE0BD7 /* UserInfo.swift */,
				DFCD7A122C876DE100AE0BD7 /* MyFirestore.swift */,
				DFCD7A102C876DD000AE0BD7 /* FirebaseFirestoreSwift.swift */,
			);
			path = Model;
			sourceTree = "<group>";
		};
		DFCD7A0E2C876DAA00AE0BD7 /* View */ = {
			isa = PBXGroup;
			children = (
				DF7CC1332C6F18BE00531736 /* LoginView.swift */,
				DFCD7A162C876E7E00AE0BD7 /* HomeView.swift */,
				DFCD7A182C876E9400AE0BD7 /* ProfileSetupView.swift */,
				DFA32EE82C928CA4009AC7EC /* SocialLoginButtonVIew.swift */,
			);
			path = View;
			sourceTree = "<group>";
		};
		DFCD7A0F2C876DB300AE0BD7 /* Delegate */ = {
			isa = PBXGroup;
			children = (
				DF7CC1342C6F18BE00531736 /* MyAppDelegate.swift */,
				DF7CC1352C6F18BE00531736 /* MySceneDelegate.swift */,
			);
			path = Delegate;
			sourceTree = "<group>";
		};
/* End PBXGroup section */

/* Begin PBXNativeTarget section */
		DF6632732C309B87001B3D26 /* StarBridge */ = {
			isa = PBXNativeTarget;
			buildConfigurationList = DF6632822C309B88001B3D26 /* Build configuration list for PBXNativeTarget "StarBridge" */;
			buildPhases = (
				DF6632702C309B87001B3D26 /* Sources */,
				DF6632712C309B87001B3D26 /* Frameworks */,
				DF6632722C309B87001B3D26 /* Resources */,
			);
			buildRules = (
			);
			dependencies = (
			);
			name = StarBridge;
			packageProductDependencies = (
				DF7CC13D2C6F18FE00531736 /* KakaoSDK */,
				DF7CC13F2C6F18FE00531736 /* KakaoSDKAuth */,
				DF7CC1412C6F18FE00531736 /* KakaoSDKCert */,
				DF7CC1432C6F18FE00531736 /* KakaoSDKCertCore */,
				DF7CC1452C6F18FE00531736 /* KakaoSDKCommon */,
				DF7CC1472C6F18FE00531736 /* KakaoSDKFriend */,
				DF7CC1492C6F18FE00531736 /* KakaoSDKFriendCore */,
				DF7CC14B2C6F18FE00531736 /* KakaoSDKNavi */,
				DF7CC14D2C6F18FE00531736 /* KakaoSDKShare */,
				DF7CC14F2C6F18FE00531736 /* KakaoSDKTalk */,
				DF7CC1512C6F18FE00531736 /* KakaoSDKTemplate */,
				DF7CC1532C6F18FE00531736 /* KakaoSDKUser */,
				DF2399952CA3A7BB0076B75A /* FirebaseAnalytics */,
				DF2399972CA3A7BB0076B75A /* FirebaseAuth */,
				DF2399992CA3A7BB0076B75A /* FirebaseDatabase */,
				DF23999B2CA3A7BB0076B75A /* FirebaseFirestore */,
				DF23999D2CA3A7BB0076B75A /* FirebaseMessaging */,
				DF23999F2CA3A7BB0076B75A /* FirebaseStorage */,
			);
			productName = StarBridge;
			productReference = DF6632742C309B87001B3D26 /* StarBridge.app */;
			productType = "com.apple.product-type.application";
		};
/* End PBXNativeTarget section */

/* Begin PBXProject section */
		DF66326C2C309B87001B3D26 /* Project object */ = {
			isa = PBXProject;
			attributes = {
				BuildIndependentTargetsInParallel = 1;
				LastSwiftUpdateCheck = 1540;
				LastUpgradeCheck = 1600;
				TargetAttributes = {
					DF6632732C309B87001B3D26 = {
						CreatedOnToolsVersion = 15.4;
					};
				};
			};
			buildConfigurationList = DF66326F2C309B87001B3D26 /* Build configuration list for PBXProject "StarBridge" */;
			compatibilityVersion = "Xcode 14.0";
			developmentRegion = en;
			hasScannedForEncodings = 0;
			knownRegions = (
				en,
				Base,
			);
			mainGroup = DF66326B2C309B87001B3D26;
			packageReferences = (
				DF7CC13C2C6F18FE00531736 /* XCRemoteSwiftPackageReference "kakao-ios-sdk" */,
				DF2399942CA3A7BB0076B75A /* XCRemoteSwiftPackageReference "firebase-ios-sdk" */,
			);
			productRefGroup = DF6632752C309B87001B3D26 /* Products */;
			projectDirPath = "";
			projectRoot = "";
			targets = (
				DF6632732C309B87001B3D26 /* StarBridge */,
			);
		};
/* End PBXProject section */

/* Begin PBXResourcesBuildPhase section */
		DF6632722C309B87001B3D26 /* Resources */ = {
			isa = PBXResourcesBuildPhase;
			buildActionMask = 2147483647;
			files = (
				DF6BB72D2C9148EB00B8AC7C /* AppIcon.jpg in Resources */,
				DFA32EEB2C928D14009AC7EC /* StarBridgeLogo2.png in Resources */,
				DF7D99722CA0567E00482D25 /* Preview Assets.xcassets in Resources */,
				DFD0F8352C8D9C7E007F5666 /* google_logo.png in Resources */,
				DF97626B2C6595F900FD8577 /* README.md in Resources */,
				DFC835BA2C6FB445006A438B /* StarBridge_Logo.png in Resources */,
				DF66327C2C309B88001B3D26 /* Assets.xcassets in Resources */,
				DF8FA0282CAA3969009E1C9A /* log.json in Resources */,
				DFD496CF2CA3CC8200986805 /* GoogleService-Info.plist in Resources */,
				DF02CAC12C785D8100657AE1 /* Emoji_Logo.png in Resources */,
				DFD0F8372C8D9D38007F5666 /* kakao_logo.png in Resources */,
			);
			runOnlyForDeploymentPostprocessing = 0;
		};
/* End PBXResourcesBuildPhase section */

/* Begin PBXSourcesBuildPhase section */
		DF6632702C309B87001B3D26 /* Sources */ = {
			isa = PBXSourcesBuildPhase;
			buildActionMask = 2147483647;
			files = (
				DF7CC13B2C6F18BE00531736 /* MySceneDelegate.swift in Sources */,
				DF37BB372C633C2A00B8F976 /* ScheduleView.swift in Sources */,
				DFCD7A112C876DD000AE0BD7 /* FirebaseFirestoreSwift.swift in Sources */,
				DF66327A2C309B87001B3D26 /* ContentView.swift in Sources */,
				DF37BB392C633D8D00B8F976 /* TextView.swift in Sources */,
				DF7CC1382C6F18BE00531736 /* KakaoAuthVM.swift in Sources */,
				DF3CB33B2C96FBE100E75744 /* UIKitTextEditor.swift in Sources */,
				DF02CAC62C78D64900657AE1 /* BulletinBoardView.swift in Sources */,
				DF6632782C309B87001B3D26 /* StarBridgeApp.swift in Sources */,
				DFCD7A152C876E0100AE0BD7 /* UserInfo.swift in Sources */,
				DF7CC13A2C6F18BE00531736 /* MyAppDelegate.swift in Sources */,
				DF02CABF2C781D7100657AE1 /* ProfileView.swift in Sources */,
				DF7CC1392C6F18BE00531736 /* LoginView.swift in Sources */,
				DF02CABD2C781D6400657AE1 /* CafeView.swift in Sources */,
				DFCD7A172C876E7E00AE0BD7 /* HomeView.swift in Sources */,
				DFCD7A192C876E9400AE0BD7 /* ProfileSetupView.swift in Sources */,
				DFA32EE92C928CA4009AC7EC /* SocialLoginButtonVIew.swift in Sources */,
				DF3907ED2C649E1700E17C40 /* iPhonePointRes.swift in Sources */,
				DFCD7A132C876DE100AE0BD7 /* MyFirestore.swift in Sources */,
				DF2DB4C82C7398E300A89C1E /* api.swift in Sources */,
				DF6C08392C743A30005CC35E /* Global.swift in Sources */,
			);
			runOnlyForDeploymentPostprocessing = 0;
		};
/* End PBXSourcesBuildPhase section */

/* Begin XCBuildConfiguration section */
		DF6632802C309B88001B3D26 /* Debug */ = {
			isa = XCBuildConfiguration;
			baseConfigurationReference = DF7CC1312C6F18BE00531736 /* Config.xcconfig */;
			buildSettings = {
				ALWAYS_SEARCH_USER_PATHS = NO;
				ASSETCATALOG_COMPILER_GENERATE_SWIFT_ASSET_SYMBOL_EXTENSIONS = YES;
				CLANG_ANALYZER_NONNULL = YES;
				CLANG_ANALYZER_NUMBER_OBJECT_CONVERSION = YES_AGGRESSIVE;
				CLANG_CXX_LANGUAGE_STANDARD = "gnu++20";
				CLANG_ENABLE_MODULES = YES;
				CLANG_ENABLE_OBJC_ARC = YES;
				CLANG_ENABLE_OBJC_WEAK = YES;
				CLANG_WARN_BLOCK_CAPTURE_AUTORELEASING = YES;
				CLANG_WARN_BOOL_CONVERSION = YES;
				CLANG_WARN_COMMA = YES;
				CLANG_WARN_CONSTANT_CONVERSION = YES;
				CLANG_WARN_DEPRECATED_OBJC_IMPLEMENTATIONS = YES;
				CLANG_WARN_DIRECT_OBJC_ISA_USAGE = YES_ERROR;
				CLANG_WARN_DOCUMENTATION_COMMENTS = YES;
				CLANG_WARN_EMPTY_BODY = YES;
				CLANG_WARN_ENUM_CONVERSION = YES;
				CLANG_WARN_INFINITE_RECURSION = YES;
				CLANG_WARN_INT_CONVERSION = YES;
				CLANG_WARN_NON_LITERAL_NULL_CONVERSION = YES;
				CLANG_WARN_OBJC_IMPLICIT_RETAIN_SELF = YES;
				CLANG_WARN_OBJC_LITERAL_CONVERSION = YES;
				CLANG_WARN_OBJC_ROOT_CLASS = YES_ERROR;
				CLANG_WARN_QUOTED_INCLUDE_IN_FRAMEWORK_HEADER = YES;
				CLANG_WARN_RANGE_LOOP_ANALYSIS = YES;
				CLANG_WARN_STRICT_PROTOTYPES = YES;
				CLANG_WARN_SUSPICIOUS_MOVE = YES;
				CLANG_WARN_UNGUARDED_AVAILABILITY = YES_AGGRESSIVE;
				CLANG_WARN_UNREACHABLE_CODE = YES;
				CLANG_WARN__DUPLICATE_METHOD_MATCH = YES;
				COPY_PHASE_STRIP = NO;
				DEBUG_INFORMATION_FORMAT = dwarf;
				ENABLE_STRICT_OBJC_MSGSEND = YES;
				ENABLE_TESTABILITY = YES;
				ENABLE_USER_SCRIPT_SANDBOXING = YES;
				GCC_C_LANGUAGE_STANDARD = gnu17;
				GCC_DYNAMIC_NO_PIC = NO;
				GCC_NO_COMMON_BLOCKS = YES;
				GCC_OPTIMIZATION_LEVEL = 0;
				GCC_PREPROCESSOR_DEFINITIONS = (
					"DEBUG=1",
					"$(inherited)",
				);
				GCC_WARN_64_TO_32_BIT_CONVERSION = YES;
				GCC_WARN_ABOUT_RETURN_TYPE = YES_ERROR;
				GCC_WARN_UNDECLARED_SELECTOR = YES;
				GCC_WARN_UNINITIALIZED_AUTOS = YES_AGGRESSIVE;
				GCC_WARN_UNUSED_FUNCTION = YES;
				GCC_WARN_UNUSED_VARIABLE = YES;
				IPHONEOS_DEPLOYMENT_TARGET = 16.0;
				LOCALIZATION_PREFERS_STRING_CATALOGS = YES;
				MTL_ENABLE_DEBUG_INFO = INCLUDE_SOURCE;
				MTL_FAST_MATH = YES;
				ONLY_ACTIVE_ARCH = YES;
				SDKROOT = iphoneos;
				SWIFT_ACTIVE_COMPILATION_CONDITIONS = "DEBUG $(inherited)";
				SWIFT_OPTIMIZATION_LEVEL = "-Onone";
			};
			name = Debug;
		};
		DF6632812C309B88001B3D26 /* Release */ = {
			isa = XCBuildConfiguration;
			baseConfigurationReference = DF7CC1312C6F18BE00531736 /* Config.xcconfig */;
			buildSettings = {
				ALWAYS_SEARCH_USER_PATHS = NO;
				ASSETCATALOG_COMPILER_GENERATE_SWIFT_ASSET_SYMBOL_EXTENSIONS = YES;
				CLANG_ANALYZER_NONNULL = YES;
				CLANG_ANALYZER_NUMBER_OBJECT_CONVERSION = YES_AGGRESSIVE;
				CLANG_CXX_LANGUAGE_STANDARD = "gnu++20";
				CLANG_ENABLE_MODULES = YES;
				CLANG_ENABLE_OBJC_ARC = YES;
				CLANG_ENABLE_OBJC_WEAK = YES;
				CLANG_WARN_BLOCK_CAPTURE_AUTORELEASING = YES;
				CLANG_WARN_BOOL_CONVERSION = YES;
				CLANG_WARN_COMMA = YES;
				CLANG_WARN_CONSTANT_CONVERSION = YES;
				CLANG_WARN_DEPRECATED_OBJC_IMPLEMENTATIONS = YES;
				CLANG_WARN_DIRECT_OBJC_ISA_USAGE = YES_ERROR;
				CLANG_WARN_DOCUMENTATION_COMMENTS = YES;
				CLANG_WARN_EMPTY_BODY = YES;
				CLANG_WARN_ENUM_CONVERSION = YES;
				CLANG_WARN_INFINITE_RECURSION = YES;
				CLANG_WARN_INT_CONVERSION = YES;
				CLANG_WARN_NON_LITERAL_NULL_CONVERSION = YES;
				CLANG_WARN_OBJC_IMPLICIT_RETAIN_SELF = YES;
				CLANG_WARN_OBJC_LITERAL_CONVERSION = YES;
				CLANG_WARN_OBJC_ROOT_CLASS = YES_ERROR;
				CLANG_WARN_QUOTED_INCLUDE_IN_FRAMEWORK_HEADER = YES;
				CLANG_WARN_RANGE_LOOP_ANALYSIS = YES;
				CLANG_WARN_STRICT_PROTOTYPES = YES;
				CLANG_WARN_SUSPICIOUS_MOVE = YES;
				CLANG_WARN_UNGUARDED_AVAILABILITY = YES_AGGRESSIVE;
				CLANG_WARN_UNREACHABLE_CODE = YES;
				CLANG_WARN__DUPLICATE_METHOD_MATCH = YES;
				COPY_PHASE_STRIP = NO;
				DEBUG_INFORMATION_FORMAT = "dwarf-with-dsym";
				ENABLE_NS_ASSERTIONS = NO;
				ENABLE_STRICT_OBJC_MSGSEND = YES;
				ENABLE_USER_SCRIPT_SANDBOXING = YES;
				GCC_C_LANGUAGE_STANDARD = gnu17;
				GCC_NO_COMMON_BLOCKS = YES;
				GCC_WARN_64_TO_32_BIT_CONVERSION = YES;
				GCC_WARN_ABOUT_RETURN_TYPE = YES_ERROR;
				GCC_WARN_UNDECLARED_SELECTOR = YES;
				GCC_WARN_UNINITIALIZED_AUTOS = YES_AGGRESSIVE;
				GCC_WARN_UNUSED_FUNCTION = YES;
				GCC_WARN_UNUSED_VARIABLE = YES;
				IPHONEOS_DEPLOYMENT_TARGET = 16.0;
				LOCALIZATION_PREFERS_STRING_CATALOGS = YES;
				MTL_ENABLE_DEBUG_INFO = NO;
				MTL_FAST_MATH = YES;
				ONLY_ACTIVE_ARCH = NO;
				SDKROOT = iphoneos;
				SWIFT_COMPILATION_MODE = wholemodule;
				VALIDATE_PRODUCT = YES;
			};
			name = Release;
		};
		DF6632832C309B88001B3D26 /* Debug */ = {
			isa = XCBuildConfiguration;
			baseConfigurationReference = DF7CC1312C6F18BE00531736 /* Config.xcconfig */;
			buildSettings = {
				ASSETCATALOG_COMPILER_APPICON_NAME = AppIcon;
				ASSETCATALOG_COMPILER_GLOBAL_ACCENT_COLOR_NAME = AccentColor;
				ASSETCATALOG_COMPILER_INCLUDE_ALL_APPICON_ASSETS = YES;
				CODE_SIGN_ENTITLEMENTS = StarBridge/StarBridge.entitlements;
				CODE_SIGN_IDENTITY = "Apple Development";
				"CODE_SIGN_IDENTITY[sdk=iphoneos*]" = "iPhone Developer";
				CODE_SIGN_STYLE = Manual;
				CURRENT_PROJECT_VERSION = 1;
				DEVELOPMENT_ASSET_PATHS = "\"StarBridge/Preview Content\"";
				DEVELOPMENT_TEAM = "";
				"DEVELOPMENT_TEAM[sdk=iphoneos*]" = LGX4B4WC66;
				ENABLE_PREVIEWS = YES;
				GCC_TREAT_WARNINGS_AS_ERRORS = NO;
				GCC_WARN_INHIBIT_ALL_WARNINGS = NO;
				GENERATE_INFOPLIST_FILE = YES;
				INFOPLIST_FILE = StarBridge/Info.plist;
				INFOPLIST_KEY_CFBundleDisplayName = "Star Bridge";
				INFOPLIST_KEY_UIApplicationSceneManifest_Generation = YES;
				INFOPLIST_KEY_UIApplicationSupportsIndirectInputEvents = YES;
				INFOPLIST_KEY_UILaunchScreen_Generation = YES;
				INFOPLIST_KEY_UISupportedInterfaceOrientations = UIInterfaceOrientationPortrait;
				INFOPLIST_KEY_UISupportedInterfaceOrientations_iPad = "UIInterfaceOrientationLandscapeLeft UIInterfaceOrientationLandscapeRight UIInterfaceOrientationPortrait UIInterfaceOrientationPortraitUpsideDown";
				INFOPLIST_KEY_UIUserInterfaceStyle = Light;
				IPHONEOS_DEPLOYMENT_TARGET = 16.0;
				LD_RUNPATH_SEARCH_PATHS = (
					"$(inherited)",
					"@executable_path/Frameworks",
				);
				MARKETING_VERSION = 1.0;
				PRODUCT_BUNDLE_IDENTIFIER = com.indextrown.StarBridge;
				PRODUCT_NAME = "$(TARGET_NAME)";
				PROVISIONING_PROFILE_SPECIFIER = "";
				"PROVISIONING_PROFILE_SPECIFIER[sdk=iphoneos*]" = "스타브릿지";
				SUPPORTED_PLATFORMS = "iphoneos iphonesimulator";
				SUPPORTS_MACCATALYST = NO;
				SUPPORTS_MAC_DESIGNED_FOR_IPHONE_IPAD = NO;
				SUPPORTS_XR_DESIGNED_FOR_IPHONE_IPAD = NO;
				SWIFT_EMIT_LOC_STRINGS = YES;
				SWIFT_VERSION = 5.0;
				TARGETED_DEVICE_FAMILY = 1;
			};
			name = Debug;
		};
		DF6632842C309B88001B3D26 /* Release */ = {
			isa = XCBuildConfiguration;
			baseConfigurationReference = DF7CC1312C6F18BE00531736 /* Config.xcconfig */;
			buildSettings = {
				ASSETCATALOG_COMPILER_APPICON_NAME = AppIcon;
				ASSETCATALOG_COMPILER_GLOBAL_ACCENT_COLOR_NAME = AccentColor;
				ASSETCATALOG_COMPILER_INCLUDE_ALL_APPICON_ASSETS = YES;
				CODE_SIGN_ENTITLEMENTS = StarBridge/StarBridge.entitlements;
				CODE_SIGN_IDENTITY = "Apple Development";
				"CODE_SIGN_IDENTITY[sdk=iphoneos*]" = "iPhone Developer";
				CODE_SIGN_STYLE = Manual;
				CURRENT_PROJECT_VERSION = 1;
				DEVELOPMENT_ASSET_PATHS = "\"StarBridge/Preview Content\"";
				DEVELOPMENT_TEAM = "";
				"DEVELOPMENT_TEAM[sdk=iphoneos*]" = LGX4B4WC66;
				ENABLE_PREVIEWS = YES;
				GCC_TREAT_WARNINGS_AS_ERRORS = NO;
				GCC_WARN_INHIBIT_ALL_WARNINGS = NO;
				GENERATE_INFOPLIST_FILE = YES;
				INFOPLIST_FILE = StarBridge/Info.plist;
				INFOPLIST_KEY_CFBundleDisplayName = "Star Bridge";
				INFOPLIST_KEY_UIApplicationSceneManifest_Generation = YES;
				INFOPLIST_KEY_UIApplicationSupportsIndirectInputEvents = YES;
				INFOPLIST_KEY_UILaunchScreen_Generation = YES;
				INFOPLIST_KEY_UISupportedInterfaceOrientations = UIInterfaceOrientationPortrait;
				INFOPLIST_KEY_UISupportedInterfaceOrientations_iPad = "UIInterfaceOrientationLandscapeLeft UIInterfaceOrientationLandscapeRight UIInterfaceOrientationPortrait UIInterfaceOrientationPortraitUpsideDown";
				INFOPLIST_KEY_UIUserInterfaceStyle = Light;
				IPHONEOS_DEPLOYMENT_TARGET = 16.0;
				LD_RUNPATH_SEARCH_PATHS = (
					"$(inherited)",
					"@executable_path/Frameworks",
				);
				MARKETING_VERSION = 1.0;
				PRODUCT_BUNDLE_IDENTIFIER = com.indextrown.StarBridge;
				PRODUCT_NAME = "$(TARGET_NAME)";
				PROVISIONING_PROFILE_SPECIFIER = "";
				"PROVISIONING_PROFILE_SPECIFIER[sdk=iphoneos*]" = "스타브릿지";
				SUPPORTED_PLATFORMS = "iphoneos iphonesimulator";
				SUPPORTS_MACCATALYST = NO;
				SUPPORTS_MAC_DESIGNED_FOR_IPHONE_IPAD = NO;
				SUPPORTS_XR_DESIGNED_FOR_IPHONE_IPAD = NO;
				SWIFT_EMIT_LOC_STRINGS = YES;
				SWIFT_VERSION = 5.0;
				TARGETED_DEVICE_FAMILY = 1;
			};
			name = Release;
		};
/* End XCBuildConfiguration section */

/* Begin XCConfigurationList section */
		DF66326F2C309B87001B3D26 /* Build configuration list for PBXProject "StarBridge" */ = {
			isa = XCConfigurationList;
			buildConfigurations = (
				DF6632802C309B88001B3D26 /* Debug */,
				DF6632812C309B88001B3D26 /* Release */,
			);
			defaultConfigurationIsVisible = 0;
			defaultConfigurationName = Release;
		};
		DF6632822C309B88001B3D26 /* Build configuration list for PBXNativeTarget "StarBridge" */ = {
			isa = XCConfigurationList;
			buildConfigurations = (
				DF6632832C309B88001B3D26 /* Debug */,
				DF6632842C309B88001B3D26 /* Release */,
			);
			defaultConfigurationIsVisible = 0;
			defaultConfigurationName = Release;
		};
/* End XCConfigurationList section */

/* Begin XCRemoteSwiftPackageReference section */
		DF2399942CA3A7BB0076B75A /* XCRemoteSwiftPackageReference "firebase-ios-sdk" */ = {
			isa = XCRemoteSwiftPackageReference;
			repositoryURL = "https://github.com/firebase/firebase-ios-sdk";
			requirement = {
				kind = upToNextMajorVersion;
				minimumVersion = 11.2.0;
			};
		};
		DF7CC13C2C6F18FE00531736 /* XCRemoteSwiftPackageReference "kakao-ios-sdk" */ = {
			isa = XCRemoteSwiftPackageReference;
			repositoryURL = "https://github.com/kakao/kakao-ios-sdk";
			requirement = {
				kind = upToNextMajorVersion;
				minimumVersion = 2.22.5;
			};
		};
/* End XCRemoteSwiftPackageReference section */

/* Begin XCSwiftPackageProductDependency section */
		DF2399952CA3A7BB0076B75A /* FirebaseAnalytics */ = {
			isa = XCSwiftPackageProductDependency;
			package = DF2399942CA3A7BB0076B75A /* XCRemoteSwiftPackageReference "firebase-ios-sdk" */;
			productName = FirebaseAnalytics;
		};
		DF2399972CA3A7BB0076B75A /* FirebaseAuth */ = {
			isa = XCSwiftPackageProductDependency;
			package = DF2399942CA3A7BB0076B75A /* XCRemoteSwiftPackageReference "firebase-ios-sdk" */;
			productName = FirebaseAuth;
		};
		DF2399992CA3A7BB0076B75A /* FirebaseDatabase */ = {
			isa = XCSwiftPackageProductDependency;
			package = DF2399942CA3A7BB0076B75A /* XCRemoteSwiftPackageReference "firebase-ios-sdk" */;
			productName = FirebaseDatabase;
		};
		DF23999B2CA3A7BB0076B75A /* FirebaseFirestore */ = {
			isa = XCSwiftPackageProductDependency;
			package = DF2399942CA3A7BB0076B75A /* XCRemoteSwiftPackageReference "firebase-ios-sdk" */;
			productName = FirebaseFirestore;
		};
		DF23999D2CA3A7BB0076B75A /* FirebaseMessaging */ = {
			isa = XCSwiftPackageProductDependency;
			package = DF2399942CA3A7BB0076B75A /* XCRemoteSwiftPackageReference "firebase-ios-sdk" */;
			productName = FirebaseMessaging;
		};
		DF23999F2CA3A7BB0076B75A /* FirebaseStorage */ = {
			isa = XCSwiftPackageProductDependency;
			package = DF2399942CA3A7BB0076B75A /* XCRemoteSwiftPackageReference "firebase-ios-sdk" */;
			productName = FirebaseStorage;
		};
		DF7CC13D2C6F18FE00531736 /* KakaoSDK */ = {
			isa = XCSwiftPackageProductDependency;
			package = DF7CC13C2C6F18FE00531736 /* XCRemoteSwiftPackageReference "kakao-ios-sdk" */;
			productName = KakaoSDK;
		};
		DF7CC13F2C6F18FE00531736 /* KakaoSDKAuth */ = {
			isa = XCSwiftPackageProductDependency;
			package = DF7CC13C2C6F18FE00531736 /* XCRemoteSwiftPackageReference "kakao-ios-sdk" */;
			productName = KakaoSDKAuth;
		};
		DF7CC1412C6F18FE00531736 /* KakaoSDKCert */ = {
			isa = XCSwiftPackageProductDependency;
			package = DF7CC13C2C6F18FE00531736 /* XCRemoteSwiftPackageReference "kakao-ios-sdk" */;
			productName = KakaoSDKCert;
		};
		DF7CC1432C6F18FE00531736 /* KakaoSDKCertCore */ = {
			isa = XCSwiftPackageProductDependency;
			package = DF7CC13C2C6F18FE00531736 /* XCRemoteSwiftPackageReference "kakao-ios-sdk" */;
			productName = KakaoSDKCertCore;
		};
		DF7CC1452C6F18FE00531736 /* KakaoSDKCommon */ = {
			isa = XCSwiftPackageProductDependency;
			package = DF7CC13C2C6F18FE00531736 /* XCRemoteSwiftPackageReference "kakao-ios-sdk" */;
			productName = KakaoSDKCommon;
		};
		DF7CC1472C6F18FE00531736 /* KakaoSDKFriend */ = {
			isa = XCSwiftPackageProductDependency;
			package = DF7CC13C2C6F18FE00531736 /* XCRemoteSwiftPackageReference "kakao-ios-sdk" */;
			productName = KakaoSDKFriend;
		};
		DF7CC1492C6F18FE00531736 /* KakaoSDKFriendCore */ = {
			isa = XCSwiftPackageProductDependency;
			package = DF7CC13C2C6F18FE00531736 /* XCRemoteSwiftPackageReference "kakao-ios-sdk" */;
			productName = KakaoSDKFriendCore;
		};
		DF7CC14B2C6F18FE00531736 /* KakaoSDKNavi */ = {
			isa = XCSwiftPackageProductDependency;
			package = DF7CC13C2C6F18FE00531736 /* XCRemoteSwiftPackageReference "kakao-ios-sdk" */;
			productName = KakaoSDKNavi;
		};
		DF7CC14D2C6F18FE00531736 /* KakaoSDKShare */ = {
			isa = XCSwiftPackageProductDependency;
			package = DF7CC13C2C6F18FE00531736 /* XCRemoteSwiftPackageReference "kakao-ios-sdk" */;
			productName = KakaoSDKShare;
		};
		DF7CC14F2C6F18FE00531736 /* KakaoSDKTalk */ = {
			isa = XCSwiftPackageProductDependency;
			package = DF7CC13C2C6F18FE00531736 /* XCRemoteSwiftPackageReference "kakao-ios-sdk" */;
			productName = KakaoSDKTalk;
		};
		DF7CC1512C6F18FE00531736 /* KakaoSDKTemplate */ = {
			isa = XCSwiftPackageProductDependency;
			package = DF7CC13C2C6F18FE00531736 /* XCRemoteSwiftPackageReference "kakao-ios-sdk" */;
			productName = KakaoSDKTemplate;
		};
		DF7CC1532C6F18FE00531736 /* KakaoSDKUser */ = {
			isa = XCSwiftPackageProductDependency;
			package = DF7CC13C2C6F18FE00531736 /* XCRemoteSwiftPackageReference "kakao-ios-sdk" */;
			productName = KakaoSDKUser;
		};
/* End XCSwiftPackageProductDependency section */
	};
	rootObject = DF66326C2C309B87001B3D26 /* Project object */;
}
