// !$*UTF8*$!
{
	archiveVersion = 1;
	classes = {
	};
	objectVersion = 56;
	objects = {

/* Begin PBXBuildFile section */
		DF37BB372C633C2A00B8F976 /* ScheduleView.swift in Sources */ = {isa = PBXBuildFile; fileRef = DF37BB362C633C2A00B8F976 /* ScheduleView.swift */; };
		DF37BB392C633D8D00B8F976 /* TextView.swift in Sources */ = {isa = PBXBuildFile; fileRef = DF37BB382C633D8D00B8F976 /* TextView.swift */; };
		DF37BB412C64442E00B8F976 /* BlipView.swift in Sources */ = {isa = PBXBuildFile; fileRef = DF37BB402C64442E00B8F976 /* BlipView.swift */; };
		DF3907ED2C649E1700E17C40 /* iPhonePointRes.swift in Sources */ = {isa = PBXBuildFile; fileRef = DF3907EC2C649E1700E17C40 /* iPhonePointRes.swift */; };
		DF3907EF2C65199C00E17C40 /* ArtistView.swift in Sources */ = {isa = PBXBuildFile; fileRef = DF3907EE2C65199C00E17C40 /* ArtistView.swift */; };
		DF6632782C309B87001B3D26 /* StarBridgeApp.swift in Sources */ = {isa = PBXBuildFile; fileRef = DF6632772C309B87001B3D26 /* StarBridgeApp.swift */; };
		DF66327A2C309B87001B3D26 /* ContentView.swift in Sources */ = {isa = PBXBuildFile; fileRef = DF6632792C309B87001B3D26 /* ContentView.swift */; };
		DF66327C2C309B88001B3D26 /* Assets.xcassets in Resources */ = {isa = PBXBuildFile; fileRef = DF66327B2C309B88001B3D26 /* Assets.xcassets */; };
		DF66327F2C309B88001B3D26 /* Preview Assets.xcassets in Resources */ = {isa = PBXBuildFile; fileRef = DF66327E2C309B88001B3D26 /* Preview Assets.xcassets */; };
		DF7CC1372C6F18BE00531736 /* Config.xcconfig in Resources */ = {isa = PBXBuildFile; fileRef = DF7CC1312C6F18BE00531736 /* Config.xcconfig */; };
		DF7CC1382C6F18BE00531736 /* KakaoAuthVM.swift in Sources */ = {isa = PBXBuildFile; fileRef = DF7CC1322C6F18BE00531736 /* KakaoAuthVM.swift */; };
		DF7CC1392C6F18BE00531736 /* LoginView.swift in Sources */ = {isa = PBXBuildFile; fileRef = DF7CC1332C6F18BE00531736 /* LoginView.swift */; };
		DF7CC13A2C6F18BE00531736 /* MyAppDelegate.swift in Sources */ = {isa = PBXBuildFile; fileRef = DF7CC1342C6F18BE00531736 /* MyAppDelegate.swift */; };
		DF7CC13B2C6F18BE00531736 /* MySceneDelegate.swift in Sources */ = {isa = PBXBuildFile; fileRef = DF7CC1352C6F18BE00531736 /* MySceneDelegate.swift */; };
		DF7CC13E2C6F18FE00531736 /* KakaoSDK in Frameworks */ = {isa = PBXBuildFile; productRef = DF7CC13D2C6F18FE00531736 /* KakaoSDK */; };
		DF7CC1402C6F18FE00531736 /* KakaoSDKAuth in Frameworks */ = {isa = PBXBuildFile; productRef = DF7CC13F2C6F18FE00531736 /* KakaoSDKAuth */; };
		DF7CC1422C6F18FE00531736 /* KakaoSDKCert in Frameworks */ = {isa = PBXBuildFile; productRef = DF7CC1412C6F18FE00531736 /* KakaoSDKCert */; };
		DF7CC1442C6F18FE00531736 /* KakaoSDKCertCore in Frameworks */ = {isa = PBXBuildFile; productRef = DF7CC1432C6F18FE00531736 /* KakaoSDKCertCore */; };
		DF7CC1462C6F18FE00531736 /* KakaoSDKCommon in Frameworks */ = {isa = PBXBuildFile; productRef = DF7CC1452C6F18FE00531736 /* KakaoSDKCommon */; };
		DF7CC1482C6F18FE00531736 /* KakaoSDKFriend in Frameworks */ = {isa = PBXBuildFile; productRef = DF7CC1472C6F18FE00531736 /* KakaoSDKFriend */; };
		DF7CC14A2C6F18FE00531736 /* KakaoSDKFriendCore in Frameworks */ = {isa = PBXBuildFile; productRef = DF7CC1492C6F18FE00531736 /* KakaoSDKFriendCore */; };
		DF7CC14C2C6F18FE00531736 /* KakaoSDKNavi in Frameworks */ = {isa = PBXBuildFile; productRef = DF7CC14B2C6F18FE00531736 /* KakaoSDKNavi */; };
		DF7CC14E2C6F18FE00531736 /* KakaoSDKShare in Frameworks */ = {isa = PBXBuildFile; productRef = DF7CC14D2C6F18FE00531736 /* KakaoSDKShare */; };
		DF7CC1502C6F18FE00531736 /* KakaoSDKTalk in Frameworks */ = {isa = PBXBuildFile; productRef = DF7CC14F2C6F18FE00531736 /* KakaoSDKTalk */; };
		DF7CC1522C6F18FE00531736 /* KakaoSDKTemplate in Frameworks */ = {isa = PBXBuildFile; productRef = DF7CC1512C6F18FE00531736 /* KakaoSDKTemplate */; };
		DF7CC1542C6F18FE00531736 /* KakaoSDKUser in Frameworks */ = {isa = PBXBuildFile; productRef = DF7CC1532C6F18FE00531736 /* KakaoSDKUser */; };
		DF97626B2C6595F900FD8577 /* README.md in Resources */ = {isa = PBXBuildFile; fileRef = DF97626A2C6595F900FD8577 /* README.md */; };
		DFC835BA2C6FB445006A438B /* StarBridge_Logo.png in Resources */ = {isa = PBXBuildFile; fileRef = DFC835B82C6FB445006A438B /* StarBridge_Logo.png */; };
/* End PBXBuildFile section */

/* Begin PBXFileReference section */
		DF37BB362C633C2A00B8F976 /* ScheduleView.swift */ = {isa = PBXFileReference; lastKnownFileType = sourcecode.swift; path = ScheduleView.swift; sourceTree = "<group>"; };
		DF37BB382C633D8D00B8F976 /* TextView.swift */ = {isa = PBXFileReference; lastKnownFileType = sourcecode.swift; path = TextView.swift; sourceTree = "<group>"; };
		DF37BB402C64442E00B8F976 /* BlipView.swift */ = {isa = PBXFileReference; lastKnownFileType = sourcecode.swift; path = BlipView.swift; sourceTree = "<group>"; };
		DF3907EC2C649E1700E17C40 /* iPhonePointRes.swift */ = {isa = PBXFileReference; lastKnownFileType = sourcecode.swift; path = iPhonePointRes.swift; sourceTree = "<group>"; };
		DF3907EE2C65199C00E17C40 /* ArtistView.swift */ = {isa = PBXFileReference; lastKnownFileType = sourcecode.swift; path = ArtistView.swift; sourceTree = "<group>"; };
		DF6632742C309B87001B3D26 /* StarBridge.app */ = {isa = PBXFileReference; explicitFileType = wrapper.application; includeInIndex = 0; path = StarBridge.app; sourceTree = BUILT_PRODUCTS_DIR; };
		DF6632772C309B87001B3D26 /* StarBridgeApp.swift */ = {isa = PBXFileReference; lastKnownFileType = sourcecode.swift; path = StarBridgeApp.swift; sourceTree = "<group>"; };
		DF6632792C309B87001B3D26 /* ContentView.swift */ = {isa = PBXFileReference; lastKnownFileType = sourcecode.swift; path = ContentView.swift; sourceTree = "<group>"; };
		DF66327B2C309B88001B3D26 /* Assets.xcassets */ = {isa = PBXFileReference; lastKnownFileType = folder.assetcatalog; path = Assets.xcassets; sourceTree = "<group>"; };
		DF66327E2C309B88001B3D26 /* Preview Assets.xcassets */ = {isa = PBXFileReference; lastKnownFileType = folder.assetcatalog; path = "Preview Assets.xcassets"; sourceTree = "<group>"; };
		DF7B473F2C6D164A000F1B0D /* Info.plist */ = {isa = PBXFileReference; lastKnownFileType = text.plist; path = Info.plist; sourceTree = "<group>"; };
		DF7CC1312C6F18BE00531736 /* Config.xcconfig */ = {isa = PBXFileReference; fileEncoding = 4; lastKnownFileType = text.xcconfig; path = Config.xcconfig; sourceTree = "<group>"; };
		DF7CC1322C6F18BE00531736 /* KakaoAuthVM.swift */ = {isa = PBXFileReference; fileEncoding = 4; lastKnownFileType = sourcecode.swift; path = KakaoAuthVM.swift; sourceTree = "<group>"; };
		DF7CC1332C6F18BE00531736 /* LoginView.swift */ = {isa = PBXFileReference; fileEncoding = 4; lastKnownFileType = sourcecode.swift; path = LoginView.swift; sourceTree = "<group>"; };
		DF7CC1342C6F18BE00531736 /* MyAppDelegate.swift */ = {isa = PBXFileReference; fileEncoding = 4; lastKnownFileType = sourcecode.swift; path = MyAppDelegate.swift; sourceTree = "<group>"; };
		DF7CC1352C6F18BE00531736 /* MySceneDelegate.swift */ = {isa = PBXFileReference; fileEncoding = 4; lastKnownFileType = sourcecode.swift; path = MySceneDelegate.swift; sourceTree = "<group>"; };
		DF97626A2C6595F900FD8577 /* README.md */ = {isa = PBXFileReference; fileEncoding = 4; lastKnownFileType = net.daringfireball.markdown; path = README.md; sourceTree = SOURCE_ROOT; };
		DFC835B82C6FB445006A438B /* StarBridge_Logo.png */ = {isa = PBXFileReference; lastKnownFileType = image.png; path = StarBridge_Logo.png; sourceTree = "<group>"; };
/* End PBXFileReference section */

/* Begin PBXFrameworksBuildPhase section */
		DF6632712C309B87001B3D26 /* Frameworks */ = {
			isa = PBXFrameworksBuildPhase;
			buildActionMask = 2147483647;
			files = (
				DF7CC14A2C6F18FE00531736 /* KakaoSDKFriendCore in Frameworks */,
				DF7CC1442C6F18FE00531736 /* KakaoSDKCertCore in Frameworks */,
				DF7CC1422C6F18FE00531736 /* KakaoSDKCert in Frameworks */,
				DF7CC1522C6F18FE00531736 /* KakaoSDKTemplate in Frameworks */,
				DF7CC14C2C6F18FE00531736 /* KakaoSDKNavi in Frameworks */,
				DF7CC13E2C6F18FE00531736 /* KakaoSDK in Frameworks */,
				DF7CC1462C6F18FE00531736 /* KakaoSDKCommon in Frameworks */,
				DF7CC1402C6F18FE00531736 /* KakaoSDKAuth in Frameworks */,
				DF7CC1542C6F18FE00531736 /* KakaoSDKUser in Frameworks */,
				DF7CC1502C6F18FE00531736 /* KakaoSDKTalk in Frameworks */,
				DF7CC1482C6F18FE00531736 /* KakaoSDKFriend in Frameworks */,
				DF7CC14E2C6F18FE00531736 /* KakaoSDKShare in Frameworks */,
			);
			runOnlyForDeploymentPostprocessing = 0;
		};
/* End PBXFrameworksBuildPhase section */

/* Begin PBXGroup section */
		DF66326B2C309B87001B3D26 = {
			isa = PBXGroup;
			children = (
				DF6632752C309B87001B3D26 /* Products */,
				DF97626A2C6595F900FD8577 /* README.md */,
				DF6632762C309B87001B3D26 /* StarBridge */,
			);
			sourceTree = "<group>";
		};
		DF6632752C309B87001B3D26 /* Products */ = {
			isa = PBXGroup;
			children = (
				DF6632742C309B87001B3D26 /* StarBridge.app */,
			);
			name = Products;
			sourceTree = "<group>";
		};
		DF6632762C309B87001B3D26 /* StarBridge */ = {
			isa = PBXGroup;
			children = (
				DFC835B92C6FB445006A438B /* images */,
				DF7CC1312C6F18BE00531736 /* Config.xcconfig */,
				DF7CC1362C6F18BE00531736 /* SocialLogin */,
				DF7B473F2C6D164A000F1B0D /* Info.plist */,
				DF6632772C309B87001B3D26 /* StarBridgeApp.swift */,
				DF6632792C309B87001B3D26 /* ContentView.swift */,
				DF66327B2C309B88001B3D26 /* Assets.xcassets */,
				DF66327D2C309B88001B3D26 /* Preview Content */,
				DF37BB362C633C2A00B8F976 /* ScheduleView.swift */,
				DF37BB382C633D8D00B8F976 /* TextView.swift */,
				DF37BB402C64442E00B8F976 /* BlipView.swift */,
				DF3907EC2C649E1700E17C40 /* iPhonePointRes.swift */,
				DF3907EE2C65199C00E17C40 /* ArtistView.swift */,
			);
			path = StarBridge;
			sourceTree = "<group>";
		};
		DF66327D2C309B88001B3D26 /* Preview Content */ = {
			isa = PBXGroup;
			children = (
				DF66327E2C309B88001B3D26 /* Preview Assets.xcassets */,
			);
			path = "Preview Content";
			sourceTree = "<group>";
		};
		DF7CC1362C6F18BE00531736 /* SocialLogin */ = {
			isa = PBXGroup;
			children = (
				DF7CC1322C6F18BE00531736 /* KakaoAuthVM.swift */,
				DF7CC1332C6F18BE00531736 /* LoginView.swift */,
				DF7CC1342C6F18BE00531736 /* MyAppDelegate.swift */,
				DF7CC1352C6F18BE00531736 /* MySceneDelegate.swift */,
			);
			path = SocialLogin;
			sourceTree = "<group>";
		};
		DFC835B92C6FB445006A438B /* images */ = {
			isa = PBXGroup;
			children = (
				DFC835B82C6FB445006A438B /* StarBridge_Logo.png */,
			);
			path = images;
			sourceTree = "<group>";
		};
/* End PBXGroup section */

/* Begin PBXNativeTarget section */
		DF6632732C309B87001B3D26 /* StarBridge */ = {
			isa = PBXNativeTarget;
			buildConfigurationList = DF6632822C309B88001B3D26 /* Build configuration list for PBXNativeTarget "StarBridge" */;
			buildPhases = (
				DF6632702C309B87001B3D26 /* Sources */,
				DF6632712C309B87001B3D26 /* Frameworks */,
				DF6632722C309B87001B3D26 /* Resources */,
			);
			buildRules = (
			);
			dependencies = (
			);
			name = StarBridge;
			packageProductDependencies = (
				DF7CC13D2C6F18FE00531736 /* KakaoSDK */,
				DF7CC13F2C6F18FE00531736 /* KakaoSDKAuth */,
				DF7CC1412C6F18FE00531736 /* KakaoSDKCert */,
				DF7CC1432C6F18FE00531736 /* KakaoSDKCertCore */,
				DF7CC1452C6F18FE00531736 /* KakaoSDKCommon */,
				DF7CC1472C6F18FE00531736 /* KakaoSDKFriend */,
				DF7CC1492C6F18FE00531736 /* KakaoSDKFriendCore */,
				DF7CC14B2C6F18FE00531736 /* KakaoSDKNavi */,
				DF7CC14D2C6F18FE00531736 /* KakaoSDKShare */,
				DF7CC14F2C6F18FE00531736 /* KakaoSDKTalk */,
				DF7CC1512C6F18FE00531736 /* KakaoSDKTemplate */,
				DF7CC1532C6F18FE00531736 /* KakaoSDKUser */,
			);
			productName = StarBridge;
			productReference = DF6632742C309B87001B3D26 /* StarBridge.app */;
			productType = "com.apple.product-type.application";
		};
/* End PBXNativeTarget section */

/* Begin PBXProject section */
		DF66326C2C309B87001B3D26 /* Project object */ = {
			isa = PBXProject;
			attributes = {
				BuildIndependentTargetsInParallel = 1;
				LastSwiftUpdateCheck = 1540;
				LastUpgradeCheck = 1540;
				TargetAttributes = {
					DF6632732C309B87001B3D26 = {
						CreatedOnToolsVersion = 15.4;
					};
				};
			};
			buildConfigurationList = DF66326F2C309B87001B3D26 /* Build configuration list for PBXProject "StarBridge" */;
			compatibilityVersion = "Xcode 14.0";
			developmentRegion = en;
			hasScannedForEncodings = 0;
			knownRegions = (
				en,
				Base,
			);
			mainGroup = DF66326B2C309B87001B3D26;
			packageReferences = (
				DF7CC13C2C6F18FE00531736 /* XCRemoteSwiftPackageReference "kakao-ios-sdk" */,
			);
			productRefGroup = DF6632752C309B87001B3D26 /* Products */;
			projectDirPath = "";
			projectRoot = "";
			targets = (
				DF6632732C309B87001B3D26 /* StarBridge */,
			);
		};
/* End PBXProject section */

/* Begin PBXResourcesBuildPhase section */
		DF6632722C309B87001B3D26 /* Resources */ = {
			isa = PBXResourcesBuildPhase;
			buildActionMask = 2147483647;
			files = (
				DF7CC1372C6F18BE00531736 /* Config.xcconfig in Resources */,
				DF97626B2C6595F900FD8577 /* README.md in Resources */,
				DFC835BA2C6FB445006A438B /* StarBridge_Logo.png in Resources */,
				DF66327F2C309B88001B3D26 /* Preview Assets.xcassets in Resources */,
				DF66327C2C309B88001B3D26 /* Assets.xcassets in Resources */,
			);
			runOnlyForDeploymentPostprocessing = 0;
		};
/* End PBXResourcesBuildPhase section */

/* Begin PBXSourcesBuildPhase section */
		DF6632702C309B87001B3D26 /* Sources */ = {
			isa = PBXSourcesBuildPhase;
			buildActionMask = 2147483647;
			files = (
				DF7CC13B2C6F18BE00531736 /* MySceneDelegate.swift in Sources */,
				DF37BB372C633C2A00B8F976 /* ScheduleView.swift in Sources */,
				DF66327A2C309B87001B3D26 /* ContentView.swift in Sources */,
				DF37BB412C64442E00B8F976 /* BlipView.swift in Sources */,
				DF37BB392C633D8D00B8F976 /* TextView.swift in Sources */,
				DF7CC1382C6F18BE00531736 /* KakaoAuthVM.swift in Sources */,
				DF6632782C309B87001B3D26 /* StarBridgeApp.swift in Sources */,
				DF7CC13A2C6F18BE00531736 /* MyAppDelegate.swift in Sources */,
				DF7CC1392C6F18BE00531736 /* LoginView.swift in Sources */,
				DF3907ED2C649E1700E17C40 /* iPhonePointRes.swift in Sources */,
				DF3907EF2C65199C00E17C40 /* ArtistView.swift in Sources */,
			);
			runOnlyForDeploymentPostprocessing = 0;
		};
/* End PBXSourcesBuildPhase section */

/* Begin XCBuildConfiguration section */
		DF6632802C309B88001B3D26 /* Debug */ = {
			isa = XCBuildConfiguration;
			baseConfigurationReference = DF7CC1312C6F18BE00531736 /* Config.xcconfig */;
			buildSettings = {
				ALWAYS_SEARCH_USER_PATHS = NO;
				ASSETCATALOG_COMPILER_GENERATE_SWIFT_ASSET_SYMBOL_EXTENSIONS = YES;
				CLANG_ANALYZER_NONNULL = YES;
				CLANG_ANALYZER_NUMBER_OBJECT_CONVERSION = YES_AGGRESSIVE;
				CLANG_CXX_LANGUAGE_STANDARD = "gnu++20";
				CLANG_ENABLE_MODULES = YES;
				CLANG_ENABLE_OBJC_ARC = YES;
				CLANG_ENABLE_OBJC_WEAK = YES;
				CLANG_WARN_BLOCK_CAPTURE_AUTORELEASING = YES;
				CLANG_WARN_BOOL_CONVERSION = YES;
				CLANG_WARN_COMMA = YES;
				CLANG_WARN_CONSTANT_CONVERSION = YES;
				CLANG_WARN_DEPRECATED_OBJC_IMPLEMENTATIONS = YES;
				CLANG_WARN_DIRECT_OBJC_ISA_USAGE = YES_ERROR;
				CLANG_WARN_DOCUMENTATION_COMMENTS = YES;
				CLANG_WARN_EMPTY_BODY = YES;
				CLANG_WARN_ENUM_CONVERSION = YES;
				CLANG_WARN_INFINITE_RECURSION = YES;
				CLANG_WARN_INT_CONVERSION = YES;
				CLANG_WARN_NON_LITERAL_NULL_CONVERSION = YES;
				CLANG_WARN_OBJC_IMPLICIT_RETAIN_SELF = YES;
				CLANG_WARN_OBJC_LITERAL_CONVERSION = YES;
				CLANG_WARN_OBJC_ROOT_CLASS = YES_ERROR;
				CLANG_WARN_QUOTED_INCLUDE_IN_FRAMEWORK_HEADER = YES;
				CLANG_WARN_RANGE_LOOP_ANALYSIS = YES;
				CLANG_WARN_STRICT_PROTOTYPES = YES;
				CLANG_WARN_SUSPICIOUS_MOVE = YES;
				CLANG_WARN_UNGUARDED_AVAILABILITY = YES_AGGRESSIVE;
				CLANG_WARN_UNREACHABLE_CODE = YES;
				CLANG_WARN__DUPLICATE_METHOD_MATCH = YES;
				COPY_PHASE_STRIP = NO;
				DEBUG_INFORMATION_FORMAT = dwarf;
				ENABLE_STRICT_OBJC_MSGSEND = YES;
				ENABLE_TESTABILITY = YES;
				ENABLE_USER_SCRIPT_SANDBOXING = YES;
				GCC_C_LANGUAGE_STANDARD = gnu17;
				GCC_DYNAMIC_NO_PIC = NO;
				GCC_NO_COMMON_BLOCKS = YES;
				GCC_OPTIMIZATION_LEVEL = 0;
				GCC_PREPROCESSOR_DEFINITIONS = (
					"DEBUG=1",
					"$(inherited)",
				);
				GCC_WARN_64_TO_32_BIT_CONVERSION = YES;
				GCC_WARN_ABOUT_RETURN_TYPE = YES_ERROR;
				GCC_WARN_UNDECLARED_SELECTOR = YES;
				GCC_WARN_UNINITIALIZED_AUTOS = YES_AGGRESSIVE;
				GCC_WARN_UNUSED_FUNCTION = YES;
				GCC_WARN_UNUSED_VARIABLE = YES;
				IPHONEOS_DEPLOYMENT_TARGET = 15.0;
				LOCALIZATION_PREFERS_STRING_CATALOGS = YES;
				MTL_ENABLE_DEBUG_INFO = INCLUDE_SOURCE;
				MTL_FAST_MATH = YES;
				ONLY_ACTIVE_ARCH = YES;
				SDKROOT = iphoneos;
				SWIFT_ACTIVE_COMPILATION_CONDITIONS = "DEBUG $(inherited)";
				SWIFT_OPTIMIZATION_LEVEL = "-Onone";
			};
			name = Debug;
		};
		DF6632812C309B88001B3D26 /* Release */ = {
			isa = XCBuildConfiguration;
			baseConfigurationReference = DF7CC1312C6F18BE00531736 /* Config.xcconfig */;
			buildSettings = {
				ALWAYS_SEARCH_USER_PATHS = NO;
				ASSETCATALOG_COMPILER_GENERATE_SWIFT_ASSET_SYMBOL_EXTENSIONS = YES;
				CLANG_ANALYZER_NONNULL = YES;
				CLANG_ANALYZER_NUMBER_OBJECT_CONVERSION = YES_AGGRESSIVE;
				CLANG_CXX_LANGUAGE_STANDARD = "gnu++20";
				CLANG_ENABLE_MODULES = YES;
				CLANG_ENABLE_OBJC_ARC = YES;
				CLANG_ENABLE_OBJC_WEAK = YES;
				CLANG_WARN_BLOCK_CAPTURE_AUTORELEASING = YES;
				CLANG_WARN_BOOL_CONVERSION = YES;
				CLANG_WARN_COMMA = YES;
				CLANG_WARN_CONSTANT_CONVERSION = YES;
				CLANG_WARN_DEPRECATED_OBJC_IMPLEMENTATIONS = YES;
				CLANG_WARN_DIRECT_OBJC_ISA_USAGE = YES_ERROR;
				CLANG_WARN_DOCUMENTATION_COMMENTS = YES;
				CLANG_WARN_EMPTY_BODY = YES;
				CLANG_WARN_ENUM_CONVERSION = YES;
				CLANG_WARN_INFINITE_RECURSION = YES;
				CLANG_WARN_INT_CONVERSION = YES;
				CLANG_WARN_NON_LITERAL_NULL_CONVERSION = YES;
				CLANG_WARN_OBJC_IMPLICIT_RETAIN_SELF = YES;
				CLANG_WARN_OBJC_LITERAL_CONVERSION = YES;
				CLANG_WARN_OBJC_ROOT_CLASS = YES_ERROR;
				CLANG_WARN_QUOTED_INCLUDE_IN_FRAMEWORK_HEADER = YES;
				CLANG_WARN_RANGE_LOOP_ANALYSIS = YES;
				CLANG_WARN_STRICT_PROTOTYPES = YES;
				CLANG_WARN_SUSPICIOUS_MOVE = YES;
				CLANG_WARN_UNGUARDED_AVAILABILITY = YES_AGGRESSIVE;
				CLANG_WARN_UNREACHABLE_CODE = YES;
				CLANG_WARN__DUPLICATE_METHOD_MATCH = YES;
				COPY_PHASE_STRIP = NO;
				DEBUG_INFORMATION_FORMAT = "dwarf-with-dsym";
				ENABLE_NS_ASSERTIONS = NO;
				ENABLE_STRICT_OBJC_MSGSEND = YES;
				ENABLE_USER_SCRIPT_SANDBOXING = YES;
				GCC_C_LANGUAGE_STANDARD = gnu17;
				GCC_NO_COMMON_BLOCKS = YES;
				GCC_WARN_64_TO_32_BIT_CONVERSION = YES;
				GCC_WARN_ABOUT_RETURN_TYPE = YES_ERROR;
				GCC_WARN_UNDECLARED_SELECTOR = YES;
				GCC_WARN_UNINITIALIZED_AUTOS = YES_AGGRESSIVE;
				GCC_WARN_UNUSED_FUNCTION = YES;
				GCC_WARN_UNUSED_VARIABLE = YES;
				IPHONEOS_DEPLOYMENT_TARGET = 15.0;
				LOCALIZATION_PREFERS_STRING_CATALOGS = YES;
				MTL_ENABLE_DEBUG_INFO = NO;
				MTL_FAST_MATH = YES;
				ONLY_ACTIVE_ARCH = NO;
				SDKROOT = iphoneos;
				SWIFT_COMPILATION_MODE = wholemodule;
				VALIDATE_PRODUCT = YES;
			};
			name = Release;
		};
		DF6632832C309B88001B3D26 /* Debug */ = {
			isa = XCBuildConfiguration;
			baseConfigurationReference = DF7CC1312C6F18BE00531736 /* Config.xcconfig */;
			buildSettings = {
				ASSETCATALOG_COMPILER_APPICON_NAME = AppIcon;
				ASSETCATALOG_COMPILER_GLOBAL_ACCENT_COLOR_NAME = AccentColor;
				CODE_SIGN_STYLE = Automatic;
				CURRENT_PROJECT_VERSION = 1;
				DEVELOPMENT_ASSET_PATHS = "\"StarBridge/Preview Content\"";
				DEVELOPMENT_TEAM = 4CPC6N38WA;
				ENABLE_PREVIEWS = YES;
				GCC_TREAT_WARNINGS_AS_ERRORS = NO;
				GCC_WARN_INHIBIT_ALL_WARNINGS = NO;
				GENERATE_INFOPLIST_FILE = YES;
				INFOPLIST_FILE = StarBridge/Info.plist;
				INFOPLIST_KEY_CFBundleDisplayName = "Star Bridge";
				INFOPLIST_KEY_UIApplicationSceneManifest_Generation = YES;
				INFOPLIST_KEY_UIApplicationSupportsIndirectInputEvents = YES;
				INFOPLIST_KEY_UILaunchScreen_Generation = YES;
				INFOPLIST_KEY_UISupportedInterfaceOrientations = UIInterfaceOrientationPortrait;
				INFOPLIST_KEY_UISupportedInterfaceOrientations_iPad = "UIInterfaceOrientationLandscapeLeft UIInterfaceOrientationLandscapeRight UIInterfaceOrientationPortrait UIInterfaceOrientationPortraitUpsideDown";
				IPHONEOS_DEPLOYMENT_TARGET = 15.0;
				LD_RUNPATH_SEARCH_PATHS = (
					"$(inherited)",
					"@executable_path/Frameworks",
				);
				MARKETING_VERSION = 1.0;
				PRODUCT_BUNDLE_IDENTIFIER = OPFiC.StarBridge;
				PRODUCT_NAME = "$(TARGET_NAME)";
				SUPPORTED_PLATFORMS = "iphoneos iphonesimulator";
				SUPPORTS_MACCATALYST = NO;
				SUPPORTS_MAC_DESIGNED_FOR_IPHONE_IPAD = NO;
				SUPPORTS_XR_DESIGNED_FOR_IPHONE_IPAD = NO;
				SWIFT_EMIT_LOC_STRINGS = YES;
				SWIFT_VERSION = 5.0;
				TARGETED_DEVICE_FAMILY = 1;
			};
			name = Debug;
		};
		DF6632842C309B88001B3D26 /* Release */ = {
			isa = XCBuildConfiguration;
			baseConfigurationReference = DF7CC1312C6F18BE00531736 /* Config.xcconfig */;
			buildSettings = {
				ASSETCATALOG_COMPILER_APPICON_NAME = AppIcon;
				ASSETCATALOG_COMPILER_GLOBAL_ACCENT_COLOR_NAME = AccentColor;
				CODE_SIGN_STYLE = Automatic;
				CURRENT_PROJECT_VERSION = 1;
				DEVELOPMENT_ASSET_PATHS = "\"StarBridge/Preview Content\"";
				DEVELOPMENT_TEAM = 4CPC6N38WA;
				ENABLE_PREVIEWS = YES;
				GCC_TREAT_WARNINGS_AS_ERRORS = NO;
				GCC_WARN_INHIBIT_ALL_WARNINGS = NO;
				GENERATE_INFOPLIST_FILE = YES;
				INFOPLIST_FILE = StarBridge/Info.plist;
				INFOPLIST_KEY_CFBundleDisplayName = "Star Bridge";
				INFOPLIST_KEY_UIApplicationSceneManifest_Generation = YES;
				INFOPLIST_KEY_UIApplicationSupportsIndirectInputEvents = YES;
				INFOPLIST_KEY_UILaunchScreen_Generation = YES;
				INFOPLIST_KEY_UISupportedInterfaceOrientations = UIInterfaceOrientationPortrait;
				INFOPLIST_KEY_UISupportedInterfaceOrientations_iPad = "UIInterfaceOrientationLandscapeLeft UIInterfaceOrientationLandscapeRight UIInterfaceOrientationPortrait UIInterfaceOrientationPortraitUpsideDown";
				IPHONEOS_DEPLOYMENT_TARGET = 15.0;
				LD_RUNPATH_SEARCH_PATHS = (
					"$(inherited)",
					"@executable_path/Frameworks",
				);
				MARKETING_VERSION = 1.0;
				PRODUCT_BUNDLE_IDENTIFIER = OPFiC.StarBridge;
				PRODUCT_NAME = "$(TARGET_NAME)";
				SUPPORTED_PLATFORMS = "iphoneos iphonesimulator";
				SUPPORTS_MACCATALYST = NO;
				SUPPORTS_MAC_DESIGNED_FOR_IPHONE_IPAD = NO;
				SUPPORTS_XR_DESIGNED_FOR_IPHONE_IPAD = NO;
				SWIFT_EMIT_LOC_STRINGS = YES;
				SWIFT_VERSION = 5.0;
				TARGETED_DEVICE_FAMILY = 1;
			};
			name = Release;
		};
/* End XCBuildConfiguration section */

/* Begin XCConfigurationList section */
		DF66326F2C309B87001B3D26 /* Build configuration list for PBXProject "StarBridge" */ = {
			isa = XCConfigurationList;
			buildConfigurations = (
				DF6632802C309B88001B3D26 /* Debug */,
				DF6632812C309B88001B3D26 /* Release */,
			);
			defaultConfigurationIsVisible = 0;
			defaultConfigurationName = Release;
		};
		DF6632822C309B88001B3D26 /* Build configuration list for PBXNativeTarget "StarBridge" */ = {
			isa = XCConfigurationList;
			buildConfigurations = (
				DF6632832C309B88001B3D26 /* Debug */,
				DF6632842C309B88001B3D26 /* Release */,
			);
			defaultConfigurationIsVisible = 0;
			defaultConfigurationName = Release;
		};
/* End XCConfigurationList section */

/* Begin XCRemoteSwiftPackageReference section */
		DF7CC13C2C6F18FE00531736 /* XCRemoteSwiftPackageReference "kakao-ios-sdk" */ = {
			isa = XCRemoteSwiftPackageReference;
			repositoryURL = "https://github.com/kakao/kakao-ios-sdk";
			requirement = {
				kind = upToNextMajorVersion;
				minimumVersion = 2.22.5;
			};
		};
/* End XCRemoteSwiftPackageReference section */

/* Begin XCSwiftPackageProductDependency section */
		DF7CC13D2C6F18FE00531736 /* KakaoSDK */ = {
			isa = XCSwiftPackageProductDependency;
			package = DF7CC13C2C6F18FE00531736 /* XCRemoteSwiftPackageReference "kakao-ios-sdk" */;
			productName = KakaoSDK;
		};
		DF7CC13F2C6F18FE00531736 /* KakaoSDKAuth */ = {
			isa = XCSwiftPackageProductDependency;
			package = DF7CC13C2C6F18FE00531736 /* XCRemoteSwiftPackageReference "kakao-ios-sdk" */;
			productName = KakaoSDKAuth;
		};
		DF7CC1412C6F18FE00531736 /* KakaoSDKCert */ = {
			isa = XCSwiftPackageProductDependency;
			package = DF7CC13C2C6F18FE00531736 /* XCRemoteSwiftPackageReference "kakao-ios-sdk" */;
			productName = KakaoSDKCert;
		};
		DF7CC1432C6F18FE00531736 /* KakaoSDKCertCore */ = {
			isa = XCSwiftPackageProductDependency;
			package = DF7CC13C2C6F18FE00531736 /* XCRemoteSwiftPackageReference "kakao-ios-sdk" */;
			productName = KakaoSDKCertCore;
		};
		DF7CC1452C6F18FE00531736 /* KakaoSDKCommon */ = {
			isa = XCSwiftPackageProductDependency;
			package = DF7CC13C2C6F18FE00531736 /* XCRemoteSwiftPackageReference "kakao-ios-sdk" */;
			productName = KakaoSDKCommon;
		};
		DF7CC1472C6F18FE00531736 /* KakaoSDKFriend */ = {
			isa = XCSwiftPackageProductDependency;
			package = DF7CC13C2C6F18FE00531736 /* XCRemoteSwiftPackageReference "kakao-ios-sdk" */;
			productName = KakaoSDKFriend;
		};
		DF7CC1492C6F18FE00531736 /* KakaoSDKFriendCore */ = {
			isa = XCSwiftPackageProductDependency;
			package = DF7CC13C2C6F18FE00531736 /* XCRemoteSwiftPackageReference "kakao-ios-sdk" */;
			productName = KakaoSDKFriendCore;
		};
		DF7CC14B2C6F18FE00531736 /* KakaoSDKNavi */ = {
			isa = XCSwiftPackageProductDependency;
			package = DF7CC13C2C6F18FE00531736 /* XCRemoteSwiftPackageReference "kakao-ios-sdk" */;
			productName = KakaoSDKNavi;
		};
		DF7CC14D2C6F18FE00531736 /* KakaoSDKShare */ = {
			isa = XCSwiftPackageProductDependency;
			package = DF7CC13C2C6F18FE00531736 /* XCRemoteSwiftPackageReference "kakao-ios-sdk" */;
			productName = KakaoSDKShare;
		};
		DF7CC14F2C6F18FE00531736 /* KakaoSDKTalk */ = {
			isa = XCSwiftPackageProductDependency;
			package = DF7CC13C2C6F18FE00531736 /* XCRemoteSwiftPackageReference "kakao-ios-sdk" */;
			productName = KakaoSDKTalk;
		};
		DF7CC1512C6F18FE00531736 /* KakaoSDKTemplate */ = {
			isa = XCSwiftPackageProductDependency;
			package = DF7CC13C2C6F18FE00531736 /* XCRemoteSwiftPackageReference "kakao-ios-sdk" */;
			productName = KakaoSDKTemplate;
		};
		DF7CC1532C6F18FE00531736 /* KakaoSDKUser */ = {
			isa = XCSwiftPackageProductDependency;
			package = DF7CC13C2C6F18FE00531736 /* XCRemoteSwiftPackageReference "kakao-ios-sdk" */;
			productName = KakaoSDKUser;
		};
/* End XCSwiftPackageProductDependency section */
	};
	rootObject = DF66326C2C309B87001B3D26 /* Project object */;
}
